{
  "name": "ccda-receiver",
  "version": "0.0.1",
  "dependencies": {
    "bson": {
      "version": "0.1.5"
    },
    "connect-powered-by": {
      "version": "0.1.0"
    },
    "async": {
      "version": "0.1.22"
    },
    "express": {
      "version": "3.0.3",
      "dependencies": {
        "connect": {
          "version": "2.7.0",
          "dependencies": {
            "qs": {
              "version": "0.5.1"
            },
            "formidable": {
              "version": "1.0.11"
            },
            "bytes": {
              "version": "0.1.0"
            },
            "pause": {
              "version": "0.0.1"
            }
          }
        },
        "commander": {
          "version": "0.6.1"
        },
        "range-parser": {
          "version": "0.0.4"
        },
        "mkdirp": {
          "version": "0.3.3"
        },
        "cookie": {
          "version": "0.0.5"
        },
        "crc": {
          "version": "0.2.0"
        },
        "fresh": {
          "version": "0.1.0"
        },
        "methods": {
          "version": "0.0.1"
        },
        "send": {
          "version": "0.1.0",
          "dependencies": {
            "mime": {
              "version": "1.2.6"
            }
          }
        },
        "cookie-signature": {
          "version": "0.0.1"
        },
        "debug": {
          "version": "0.7.0"
        }
      }
    },
    "mongodb": {
      "version": "1.1.11",
      "dependencies": {
        "bson": {
          "version": "0.1.5"
        }
      }
    },
    "libxmljs": {
      "version": "0.6.1",
      "dependencies": {
        "bindings": {
          "version": "1.0.0"
        }
      }
    },
    "xdate": {
      "version": "0.7.0"
    },
    "optimist": {
      "version": "0.3.5",
      "dependencies": {
        "wordwrap": {
          "version": "0.0.2"
        }
      }
    },
    "mocha": {
      "version": "1.7.0",
      "dependencies": {
        "commander": {
          "version": "0.6.1"
        },
        "growl": {
          "version": "1.6.1"
        },
        "jade": {
          "version": "0.26.3",
          "dependencies": {
            "mkdirp": {
              "version": "0.3.0"
            }
          }
        },
        "diff": {
          "version": "1.0.2"
        },
        "debug": {
          "version": "0.7.0"
        },
        "mkdirp": {
          "version": "0.3.3"
        },
        "ms": {
          "version": "0.3.0"
        }
      }
    },
    "should": {
      "version": "1.2.1"
    },
    "node-uuid": {
      "version": "1.4.0"
    },
    "underscore": {
      "version": "1.4.2"
    },
    "jade": {
      "version": "0.27.7",
      "dependencies": {
        "commander": {
          "version": "0.6.1"
        },
        "mkdirp": {
          "version": "0.3.4"
        },
        "coffee-script": {
          "version": "1.4.0"
        }
      }
    },
    "ejs": {
      "version": "0.8.3"
    },
    "passport": {
      "version": "0.1.15",
      "dependencies": {
        "pkginfo": {
          "version": "0.2.3"
        }
      }
    },
    "passport-browserid": {
      "version": "0.1.3",
      "dependencies": {
        "pkginfo": {
          "version": "0.2.3"
        },
        "passport": {
          "version": "0.1.15"
        }
      }
    },
    "passport-http-bearer": {
      "version": "0.2.0",
      "dependencies": {
        "pkginfo": {
          "version": "0.2.3"
        },
        "passport": {
          "version": "0.1.15"
        }
      }
    },
    "oauth2orize": {
      "version": "0.1.0",
      "dependencies": {
        "debug": {
          "version": "0.7.0"
        }
      }
    },
    "stylus": {
      "version": "0.30.1",
      "dependencies": {
        "cssom": {
          "version": "0.2.5"
        },
        "mkdirp": {
          "version": "0.3.4"
        },
        "debug": {
          "version": "0.7.0"
        }
      }
    },
    "mongoose": {
      "version": "3.4.0",
      "dependencies": {
        "hooks": {
          "version": "0.2.1"
        },
        "mongodb": {
          "version": "1.1.11",
          "dependencies": {
            "bson": {
              "version": "0.1.5"
            }
          }
        },
        "ms": {
          "version": "0.1.0"
        },
        "sliced": {
          "version": "0.0.3"
        }
      }
    },
    "winston": {
      "version": "0.6.2",
      "dependencies": {
        "async": {
          "version": "0.1.22"
        },
        "colors": {
          "version": "0.6.0-1"
        },
        "cycle": {
          "version": "1.0.0"
        },
        "eyes": {
          "version": "0.1.8"
        },
        "pkginfo": {
          "version": "0.2.3"
        },
        "request": {
          "version": "2.9.203"
        },
        "stack-trace": {
          "version": "0.0.6"
        }
      }
    }
  }
}
